
Microsoft Visual Studio Solution File, Format Version 12.00
# Visual Studio Version 16
VisualStudioVersion = 16.0.30804.86
MinimumVisualStudioVersion = 10.0.40219.1
Project("{FAE04EC0-301F-11D3-BF4B-00C04F79EFBC}") = "TheAirBlow.SteamInstalled.Test", "TheAirBlow.SteamInstalled.Test\TheAirBlow.SteamInstalled.Test.csproj", "{512FA535-F070-4D47-8AEE-E3114E872BCF}"
EndProject
Project("{FAE04EC0-301F-11D3-BF4B-00C04F79EFBC}") = "TheAirBlow.SteamInstalled", "TheAirBlow.SteamInstalled\TheAirBlow.SteamInstalled.csproj", "{E593C56A-2675-4520-91AF-89EE11ED2711}"
EndProject
Global
	GlobalSection(SolutionConfigurationPlatforms) = preSolution
		Debug|Any CPU = Debug|Any CPU
		Release|Any CPU = Release|Any CPU
	EndGlobalSection
	GlobalSection(ProjectConfigurationPlatforms) = postSolution
		{512FA535-F070-4D47-8AEE-E3114E872BCF}.Debug|Any CPU.ActiveCfg = Debug|Any CPU
		{512FA535-F070-4D47-8AEE-E3114E872BCF}.Debug|Any CPU.Build.0 = Debug|Any CPU
		{512FA535-F070-4D47-8AEE-E3114E872BCF}.Release|Any CPU.ActiveCfg = Release|Any CPU
		{512FA535-F070-4D47-8AEE-E3114E872BCF}.Release|Any CPU.Build.0 = Release|Any CPU
		{E593C56A-2675-4520-91AF-89EE11ED2711}.Debug|Any CPU.ActiveCfg = Debug|Any CPU
		{E593C56A-2675-4520-91AF-89EE11ED2711}.Debug|Any CPU.Build.0 = Debug|Any CPU
		{E593C56A-2675-4520-91AF-89EE11ED2711}.Release|Any CPU.ActiveCfg = Release|Any CPU
		{E593C56A-2675-4520-91AF-89EE11ED2711}.Release|Any CPU.Build.0 = Release|Any CPU
	EndGlobalSection
	GlobalSection(SolutionProperties) = preSolution
		HideSolutionNode = FALSE
	EndGlobalSection
	GlobalSection(ExtensibilityGlobals) = postSolution
		SolutionGuid = {1C37C414-7CC9-44DE-829F-FFEA0D40A210}
	EndGlobalSection
EndGlobal
